
Microsoft Visual Studio Solution File, Format Version 12.00
# Visual Studio 15
VisualStudioVersion = 15.0.28010.2050
MinimumVisualStudioVersion = 10.0.40219.1
Project("{FAE04EC0-301F-11D3-BF4B-00C04F79EFBC}") = "DonneeSalarie", "DonneeSalarie\DonneeSalarie.csproj", "{2368C60F-DFEC-4498-A699-795EC4266F58}"
EndProject
Project("{FAE04EC0-301F-11D3-BF4B-00C04F79EFBC}") = "BOSalarie", "BOSalarie\BOSalarie.csproj", "{B0765F9C-FF39-4A8F-B79C-13BE544DF357}"
EndProject
Project("{FAE04EC0-301F-11D3-BF4B-00C04F79EFBC}") = "DALSalarie", "DAOSalarie\DALSalarie.csproj", "{822FF8B9-9185-47AE-80BB-3B152550657B}"
EndProject
Project("{FAE04EC0-301F-11D3-BF4B-00C04F79EFBC}") = "IHM", "IHM\IHM.csproj", "{C5A6FB0E-F95B-42D1-98EF-602E154838E3}"
EndProject
Project("{FAE04EC0-301F-11D3-BF4B-00C04F79EFBC}") = "BLLSalarie", "BLLSalarie\BLLSalarie.csproj", "{BEB60EC8-D0ED-48FF-82D4-A221ED44FCB0}"
EndProject
Global
	GlobalSection(SolutionConfigurationPlatforms) = preSolution
		Debug|Any CPU = Debug|Any CPU
		Release|Any CPU = Release|Any CPU
	EndGlobalSection
	GlobalSection(ProjectConfigurationPlatforms) = postSolution
		{2368C60F-DFEC-4498-A699-795EC4266F58}.Debug|Any CPU.ActiveCfg = Debug|Any CPU
		{2368C60F-DFEC-4498-A699-795EC4266F58}.Debug|Any CPU.Build.0 = Debug|Any CPU
		{2368C60F-DFEC-4498-A699-795EC4266F58}.Release|Any CPU.ActiveCfg = Release|Any CPU
		{2368C60F-DFEC-4498-A699-795EC4266F58}.Release|Any CPU.Build.0 = Release|Any CPU
		{B0765F9C-FF39-4A8F-B79C-13BE544DF357}.Debug|Any CPU.ActiveCfg = Debug|Any CPU
		{B0765F9C-FF39-4A8F-B79C-13BE544DF357}.Debug|Any CPU.Build.0 = Debug|Any CPU
		{B0765F9C-FF39-4A8F-B79C-13BE544DF357}.Release|Any CPU.ActiveCfg = Release|Any CPU
		{B0765F9C-FF39-4A8F-B79C-13BE544DF357}.Release|Any CPU.Build.0 = Release|Any CPU
		{822FF8B9-9185-47AE-80BB-3B152550657B}.Debug|Any CPU.ActiveCfg = Debug|Any CPU
		{822FF8B9-9185-47AE-80BB-3B152550657B}.Debug|Any CPU.Build.0 = Debug|Any CPU
		{822FF8B9-9185-47AE-80BB-3B152550657B}.Release|Any CPU.ActiveCfg = Release|Any CPU
		{822FF8B9-9185-47AE-80BB-3B152550657B}.Release|Any CPU.Build.0 = Release|Any CPU
		{C5A6FB0E-F95B-42D1-98EF-602E154838E3}.Debug|Any CPU.ActiveCfg = Debug|Any CPU
		{C5A6FB0E-F95B-42D1-98EF-602E154838E3}.Debug|Any CPU.Build.0 = Debug|Any CPU
		{C5A6FB0E-F95B-42D1-98EF-602E154838E3}.Release|Any CPU.ActiveCfg = Release|Any CPU
		{C5A6FB0E-F95B-42D1-98EF-602E154838E3}.Release|Any CPU.Build.0 = Release|Any CPU
		{BEB60EC8-D0ED-48FF-82D4-A221ED44FCB0}.Debug|Any CPU.ActiveCfg = Debug|Any CPU
		{BEB60EC8-D0ED-48FF-82D4-A221ED44FCB0}.Debug|Any CPU.Build.0 = Debug|Any CPU
		{BEB60EC8-D0ED-48FF-82D4-A221ED44FCB0}.Release|Any CPU.ActiveCfg = Release|Any CPU
		{BEB60EC8-D0ED-48FF-82D4-A221ED44FCB0}.Release|Any CPU.Build.0 = Release|Any CPU
	EndGlobalSection
	GlobalSection(SolutionProperties) = preSolution
		HideSolutionNode = FALSE
	EndGlobalSection
	GlobalSection(ExtensibilityGlobals) = postSolution
		SolutionGuid = {06C6CA05-F5D6-4BA2-9457-F8CBE6854D6C}
	EndGlobalSection
EndGlobal
